// !$*UTF8*$!
{
	archiveVersion = 1;
	classes = {
	};
	objectVersion = 50;
	objects = {

/* Begin PBXBuildFile section */
		9E57DAC527026FDB00C73B46 /* AppDelegate.swift in Sources */ = {isa = PBXBuildFile; fileRef = 9E57DAC427026FDB00C73B46 /* AppDelegate.swift */; };
		9E57DAC727026FDB00C73B46 /* SceneDelegate.swift in Sources */ = {isa = PBXBuildFile; fileRef = 9E57DAC627026FDB00C73B46 /* SceneDelegate.swift */; };
		9E57DAC927026FDB00C73B46 /* ViewController.swift in Sources */ = {isa = PBXBuildFile; fileRef = 9E57DAC827026FDB00C73B46 /* ViewController.swift */; };
		9E57DACC27026FDB00C73B46 /* Main.storyboard in Resources */ = {isa = PBXBuildFile; fileRef = 9E57DACA27026FDB00C73B46 /* Main.storyboard */; };
		9E57DACE27026FE100C73B46 /* Assets.xcassets in Resources */ = {isa = PBXBuildFile; fileRef = 9E57DACD27026FE100C73B46 /* Assets.xcassets */; };
		9E57DAD127026FE100C73B46 /* LaunchScreen.storyboard in Resources */ = {isa = PBXBuildFile; fileRef = 9E57DACF27026FE100C73B46 /* LaunchScreen.storyboard */; };
/* End PBXBuildFile section */

/* Begin PBXFileReference section */
		9E57DAC127026FDB00C73B46 /* Projects 10-12 Milestone Project.app */ = {isa = PBXFileReference; explicitFileType = wrapper.application; includeInIndex = 0; path = "Projects 10-12 Milestone Project.app"; sourceTree = BUILT_PRODUCTS_DIR; };
		9E57DAC427026FDB00C73B46 /* AppDelegate.swift */ = {isa = PBXFileReference; lastKnownFileType = sourcecode.swift; path = AppDelegate.swift; sourceTree = "<group>"; };
		9E57DAC627026FDB00C73B46 /* SceneDelegate.swift */ = {isa = PBXFileReference; lastKnownFileType = sourcecode.swift; path = SceneDelegate.swift; sourceTree = "<group>"; };
		9E57DAC827026FDB00C73B46 /* ViewController.swift */ = {isa = PBXFileReference; lastKnownFileType = sourcecode.swift; path = ViewController.swift; sourceTree = "<group>"; };
		9E57DACB27026FDB00C73B46 /* Base */ = {isa = PBXFileReference; lastKnownFileType = file.storyboard; name = Base; path = Base.lproj/Main.storyboard; sourceTree = "<group>"; };
		9E57DACD27026FE100C73B46 /* Assets.xcassets */ = {isa = PBXFileReference; lastKnownFileType = folder.assetcatalog; path = Assets.xcassets; sourceTree = "<group>"; };
		9E57DAD027026FE100C73B46 /* Base */ = {isa = PBXFileReference; lastKnownFileType = file.storyboard; name = Base; path = Base.lproj/LaunchScreen.storyboard; sourceTree = "<group>"; };
		9E57DAD227026FE100C73B46 /* Info.plist */ = {isa = PBXFileReference; lastKnownFileType = text.plist.xml; path = Info.plist; sourceTree = "<group>"; };
/* End PBXFileReference section */

/* Begin PBXFrameworksBuildPhase section */
		9E57DABE27026FDB00C73B46 /* Frameworks */ = {
			isa = PBXFrameworksBuildPhase;
			buildActionMask = 2147483647;
			files = (
			);
			runOnlyForDeploymentPostprocessing = 0;
		};
/* End PBXFrameworksBuildPhase section */

/* Begin PBXGroup section */
		9E57DAB827026FDB00C73B46 = {
			isa = PBXGroup;
			children = (
				9E57DAC327026FDB00C73B46 /* Projects 10-12 Milestone Project */,
				9E57DAC227026FDB00C73B46 /* Products */,
			);
			sourceTree = "<group>";
		};
		9E57DAC227026FDB00C73B46 /* Products */ = {
			isa = PBXGroup;
			children = (
				9E57DAC127026FDB00C73B46 /* Projects 10-12 Milestone Project.app */,
			);
			name = Products;
			sourceTree = "<group>";
		};
		9E57DAC327026FDB00C73B46 /* Projects 10-12 Milestone Project */ = {
			isa = PBXGroup;
			children = (
				9E57DAC427026FDB00C73B46 /* AppDelegate.swift */,
				9E57DAC627026FDB00C73B46 /* SceneDelegate.swift */,
				9E57DAC827026FDB00C73B46 /* ViewController.swift */,
				9E57DACA27026FDB00C73B46 /* Main.storyboard */,
				9E57DACD27026FE100C73B46 /* Assets.xcassets */,
				9E57DACF27026FE100C73B46 /* LaunchScreen.storyboard */,
				9E57DAD227026FE100C73B46 /* Info.plist */,
			);
			path = "Projects 10-12 Milestone Project";
			sourceTree = "<group>";
		};
/* End PBXGroup section */

/* Begin PBXNativeTarget section */
		9E57DAC027026FDB00C73B46 /* Projects 10-12 Milestone Project */ = {
			isa = PBXNativeTarget;
			buildConfigurationList = 9E57DAD527026FE100C73B46 /* Build configuration list for PBXNativeTarget "Projects 10-12 Milestone Project" */;
			buildPhases = (
				9E57DABD27026FDB00C73B46 /* Sources */,
				9E57DABE27026FDB00C73B46 /* Frameworks */,
				9E57DABF27026FDB00C73B46 /* Resources */,
			);
			buildRules = (
			);
			dependencies = (
			);
			name = "Projects 10-12 Milestone Project";
			productName = "Projects 10-12 Milestone Project";
			productReference = 9E57DAC127026FDB00C73B46 /* Projects 10-12 Milestone Project.app */;
			productType = "com.apple.product-type.application";
		};
/* End PBXNativeTarget section */

/* Begin PBXProject section */
		9E57DAB927026FDB00C73B46 /* Project object */ = {
			isa = PBXProject;
			attributes = {
				LastSwiftUpdateCheck = 1250;
				LastUpgradeCheck = 1250;
				TargetAttributes = {
					9E57DAC027026FDB00C73B46 = {
						CreatedOnToolsVersion = 12.5.1;
					};
				};
			};
			buildConfigurationList = 9E57DABC27026FDB00C73B46 /* Build configuration list for PBXProject "Projects 10-12 Milestone Project" */;
			compatibilityVersion = "Xcode 9.3";
			developmentRegion = en;
			hasScannedForEncodings = 0;
			knownRegions = (
				en,
				Base,
			);
			mainGroup = 9E57DAB827026FDB00C73B46;
			productRefGroup = 9E57DAC227026FDB00C73B46 /* Products */;
			projectDirPath = "";
			projectRoot = "";
			targets = (
				9E57DAC027026FDB00C73B46 /* Projects 10-12 Milestone Project */,
			);
		};
/* End PBXProject section */

/* Begin PBXResourcesBuildPhase section */
		9E57DABF27026FDB00C73B46 /* Resources */ = {
			isa = PBXResourcesBuildPhase;
			buildActionMask = 2147483647;
			files = (
				9E57DAD127026FE100C73B46 /* LaunchScreen.storyboard in Resources */,
				9E57DACE27026FE100C73B46 /* Assets.xcassets in Resources */,
				9E57DACC27026FDB00C73B46 /* Main.storyboard in Resources */,
			);
			runOnlyForDeploymentPostprocessing = 0;
		};
/* End PBXResourcesBuildPhase section */

/* Begin PBXSourcesBuildPhase section */
		9E57DABD27026FDB00C73B46 /* Sources */ = {
			isa = PBXSourcesBuildPhase;
			buildActionMask = 2147483647;
			files = (
				9E57DAC927026FDB00C73B46 /* ViewController.swift in Sources */,
				9E57DAC527026FDB00C73B46 /* AppDelegate.swift in Sources */,
				9E57DAC727026FDB00C73B46 /* SceneDelegate.swift in Sources */,
			);
			runOnlyForDeploymentPostprocessing = 0;
		};
/* End PBXSourcesBuildPhase section */

/* Begin PBXVariantGroup section */
		9E57DACA27026FDB00C73B46 /* Main.storyboard */ = {
			isa = PBXVariantGroup;
			children = (
				9E57DACB27026FDB00C73B46 /* Base */,
			);
			name = Main.storyboard;
			sourceTree = "<group>";
		};
		9E57DACF27026FE100C73B46 /* LaunchScreen.storyboard */ = {
			isa = PBXVariantGroup;
			children = (
				9E57DAD027026FE100C73B46 /* Base */,
			);
			name = LaunchScreen.storyboard;
			sourceTree = "<group>";
		};
/* End PBXVariantGroup section */

/* Begin XCBuildConfiguration section */
		9E57DAD327026FE100C73B46 /* Debug */ = {
			isa = XCBuildConfiguration;
			buildSettings = {
				ALWAYS_SEARCH_USER_PATHS = NO;
				CLANG_ANALYZER_NONNULL = YES;
				CLANG_ANALYZER_NUMBER_OBJECT_CONVERSION = YES_AGGRESSIVE;
				CLANG_CXX_LANGUAGE_STANDARD = "gnu++14";
				CLANG_CXX_LIBRARY = "libc++";
				CLANG_ENABLE_MODULES = YES;
				CLANG_ENABLE_OBJC_ARC = YES;
				CLANG_ENABLE_OBJC_WEAK = YES;
				CLANG_WARN_BLOCK_CAPTURE_AUTORELEASING = YES;
				CLANG_WARN_BOOL_CONVERSION = YES;
				CLANG_WARN_COMMA = YES;
				CLANG_WARN_CONSTANT_CONVERSION = YES;
				CLANG_WARN_DEPRECATED_OBJC_IMPLEMENTATIONS = YES;
				CLANG_WARN_DIRECT_OBJC_ISA_USAGE = YES_ERROR;
				CLANG_WARN_DOCUMENTATION_COMMENTS = YES;
				CLANG_WARN_EMPTY_BODY = YES;
				CLANG_WARN_ENUM_CONVERSION = YES;
				CLANG_WARN_INFINITE_RECURSION = YES;
				CLANG_WARN_INT_CONVERSION = YES;
				CLANG_WARN_NON_LITERAL_NULL_CONVERSION = YES;
				CLANG_WARN_OBJC_IMPLICIT_RETAIN_SELF = YES;
				CLANG_WARN_OBJC_LITERAL_CONVERSION = YES;
				CLANG_WARN_OBJC_ROOT_CLASS = YES_ERROR;
				CLANG_WARN_QUOTED_INCLUDE_IN_FRAMEWORK_HEADER = YES;
				CLANG_WARN_RANGE_LOOP_ANALYSIS = YES;
				CLANG_WARN_STRICT_PROTOTYPES = YES;
				CLANG_WARN_SUSPICIOUS_MOVE = YES;
				CLANG_WARN_UNGUARDED_AVAILABILITY = YES_AGGRESSIVE;
				CLANG_WARN_UNREACHABLE_CODE = YES;
				CLANG_WARN__DUPLICATE_METHOD_MATCH = YES;
				COPY_PHASE_STRIP = NO;
				DEBUG_INFORMATION_FORMAT = dwarf;
				ENABLE_STRICT_OBJC_MSGSEND = YES;
				ENABLE_TESTABILITY = YES;
				GCC_C_LANGUAGE_STANDARD = gnu11;
				GCC_DYNAMIC_NO_PIC = NO;
				GCC_NO_COMMON_BLOCKS = YES;
				GCC_OPTIMIZATION_LEVEL = 0;
				GCC_PREPROCESSOR_DEFINITIONS = (
					"DEBUG=1",
					"$(inherited)",
				);
				GCC_WARN_64_TO_32_BIT_CONVERSION = YES;
				GCC_WARN_ABOUT_RETURN_TYPE = YES_ERROR;
				GCC_WARN_UNDECLARED_SELECTOR = YES;
				GCC_WARN_UNINITIALIZED_AUTOS = YES_AGGRESSIVE;
				GCC_WARN_UNUSED_FUNCTION = YES;
				GCC_WARN_UNUSED_VARIABLE = YES;
				IPHONEOS_DEPLOYMENT_TARGET = 14.5;
				MTL_ENABLE_DEBUG_INFO = INCLUDE_SOURCE;
				MTL_FAST_MATH = YES;
				ONLY_ACTIVE_ARCH = YES;
				SDKROOT = iphoneos;
				SWIFT_ACTIVE_COMPILATION_CONDITIONS = DEBUG;
				SWIFT_OPTIMIZATION_LEVEL = "-Onone";
			};
			name = Debug;
		};
		9E57DAD427026FE100C73B46 /* Release */ = {
			isa = XCBuildConfiguration;
			buildSettings = {
				ALWAYS_SEARCH_USER_PATHS = NO;
				CLANG_ANALYZER_NONNULL = YES;
				CLANG_ANALYZER_NUMBER_OBJECT_CONVERSION = YES_AGGRESSIVE;
				CLANG_CXX_LANGUAGE_STANDARD = "gnu++14";
				CLANG_CXX_LIBRARY = "libc++";
				CLANG_ENABLE_MODULES = YES;
				CLANG_ENABLE_OBJC_ARC = YES;
				CLANG_ENABLE_OBJC_WEAK = YES;
				CLANG_WARN_BLOCK_CAPTURE_AUTORELEASING = YES;
				CLANG_WARN_BOOL_CONVERSION = YES;
				CLANG_WARN_COMMA = YES;
				CLANG_WARN_CONSTANT_CONVERSION = YES;
				CLANG_WARN_DEPRECATED_OBJC_IMPLEMENTATIONS = YES;
				CLANG_WARN_DIRECT_OBJC_ISA_USAGE = YES_ERROR;
				CLANG_WARN_DOCUMENTATION_COMMENTS = YES;
				CLANG_WARN_EMPTY_BODY = YES;
				CLANG_WARN_ENUM_CONVERSION = YES;
				CLANG_WARN_INFINITE_RECURSION = YES;
				CLANG_WARN_INT_CONVERSION = YES;
				CLANG_WARN_NON_LITERAL_NULL_CONVERSION = YES;
				CLANG_WARN_OBJC_IMPLICIT_RETAIN_SELF = YES;
				CLANG_WARN_OBJC_LITERAL_CONVERSION = YES;
				CLANG_WARN_OBJC_ROOT_CLASS = YES_ERROR;
				CLANG_WARN_QUOTED_INCLUDE_IN_FRAMEWORK_HEADER = YES;
				CLANG_WARN_RANGE_LOOP_ANALYSIS = YES;
				CLANG_WARN_STRICT_PROTOTYPES = YES;
				CLANG_WARN_SUSPICIOUS_MOVE = YES;
				CLANG_WARN_UNGUARDED_AVAILABILITY = YES_AGGRESSIVE;
				CLANG_WARN_UNREACHABLE_CODE = YES;
				CLANG_WARN__DUPLICATE_METHOD_MATCH = YES;
				COPY_PHASE_STRIP = NO;
				DEBUG_INFORMATION_FORMAT = "dwarf-with-dsym";
				ENABLE_NS_ASSERTIONS = NO;
				ENABLE_STRICT_OBJC_MSGSEND = YES;
				GCC_C_LANGUAGE_STANDARD = gnu11;
				GCC_NO_COMMON_BLOCKS = YES;
				GCC_WARN_64_TO_32_BIT_CONVERSION = YES;
				GCC_WARN_ABOUT_RETURN_TYPE = YES_ERROR;
				GCC_WARN_UNDECLARED_SELECTOR = YES;
				GCC_WARN_UNINITIALIZED_AUTOS = YES_AGGRESSIVE;
				GCC_WARN_UNUSED_FUNCTION = YES;
				GCC_WARN_UNUSED_VARIABLE = YES;
				IPHONEOS_DEPLOYMENT_TARGET = 14.5;
				MTL_ENABLE_DEBUG_INFO = NO;
				MTL_FAST_MATH = YES;
				SDKROOT = iphoneos;
				SWIFT_COMPILATION_MODE = wholemodule;
				SWIFT_OPTIMIZATION_LEVEL = "-O";
				VALIDATE_PRODUCT = YES;
			};
			name = Release;
		};
		9E57DAD627026FE100C73B46 /* Debug */ = {
			isa = XCBuildConfiguration;
			buildSettings = {
				ASSETCATALOG_COMPILER_APPICON_NAME = AppIcon;
				ASSETCATALOG_COMPILER_GLOBAL_ACCENT_COLOR_NAME = AccentColor;
				CODE_SIGN_STYLE = Automatic;
				DEVELOPMENT_TEAM = WW6MQ8PF85;
				INFOPLIST_FILE = "Projects 10-12 Milestone Project/Info.plist";
				LD_RUNPATH_SEARCH_PATHS = (
					"$(inherited)",
					"@executable_path/Frameworks",
				);
				PRODUCT_BUNDLE_IDENTIFIER = "chrisk.Projects-10-12-Milestone-Project";
				PRODUCT_NAME = "$(TARGET_NAME)";
				SWIFT_VERSION = 5.0;
				TARGETED_DEVICE_FAMILY = "1,2";
			};
			name = Debug;
		};
		9E57DAD727026FE100C73B46 /* Release */ = {
			isa = XCBuildConfiguration;
			buildSettings = {
				ASSETCATALOG_COMPILER_APPICON_NAME = AppIcon;
				ASSETCATALOG_COMPILER_GLOBAL_ACCENT_COLOR_NAME = AccentColor;
				CODE_SIGN_STYLE = Automatic;
				DEVELOPMENT_TEAM = WW6MQ8PF85;
				INFOPLIST_FILE = "Projects 10-12 Milestone Project/Info.plist";
				LD_RUNPATH_SEARCH_PATHS = (
					"$(inherited)",
					"@executable_path/Frameworks",
				);
				PRODUCT_BUNDLE_IDENTIFIER = "chrisk.Projects-10-12-Milestone-Project";
				PRODUCT_NAME = "$(TARGET_NAME)";
				SWIFT_VERSION = 5.0;
				TARGETED_DEVICE_FAMILY = "1,2";
			};
			name = Release;
		};
/* End XCBuildConfiguration section */

/* Begin XCConfigurationList section */
		9E57DABC27026FDB00C73B46 /* Build configuration list for PBXProject "Projects 10-12 Milestone Project" */ = {
			isa = XCConfigurationList;
			buildConfigurations = (
				9E57DAD327026FE100C73B46 /* Debug */,
				9E57DAD427026FE100C73B46 /* Release */,
			);
			defaultConfigurationIsVisible = 0;
			defaultConfigurationName = Release;
		};
		9E57DAD527026FE100C73B46 /* Build configuration list for PBXNativeTarget "Projects 10-12 Milestone Project" */ = {
			isa = XCConfigurationList;
			buildConfigurations = (
				9E57DAD627026FE100C73B46 /* Debug */,
				9E57DAD727026FE100C73B46 /* Release */,
			);
			defaultConfigurationIsVisible = 0;
			defaultConfigurationName = Release;
		};
/* End XCConfigurationList section */
	};
	rootObject = 9E57DAB927026FDB00C73B46 /* Project object */;
}
