// !$*UTF8*$!
{
	archiveVersion = 1;
	classes = {
	};
	objectVersion = 55;
	objects = {

/* Begin PBXBuildFile section */
		9E50CEB02733FD5700D0EF00 /* AppDelegate.swift in Sources */ = {isa = PBXBuildFile; fileRef = 9E50CEAF2733FD5700D0EF00 /* AppDelegate.swift */; };
		9E50CEB22733FD5700D0EF00 /* GameScene.sks in Resources */ = {isa = PBXBuildFile; fileRef = 9E50CEB12733FD5700D0EF00 /* GameScene.sks */; };
		9E50CEB62733FD5700D0EF00 /* GameScene.swift in Sources */ = {isa = PBXBuildFile; fileRef = 9E50CEB52733FD5700D0EF00 /* GameScene.swift */; };
		9E50CEB82733FD5700D0EF00 /* GameViewController.swift in Sources */ = {isa = PBXBuildFile; fileRef = 9E50CEB72733FD5700D0EF00 /* GameViewController.swift */; };
		9E50CEBB2733FD5700D0EF00 /* Main.storyboard in Resources */ = {isa = PBXBuildFile; fileRef = 9E50CEB92733FD5700D0EF00 /* Main.storyboard */; };
		9E50CEBD2733FD5A00D0EF00 /* Assets.xcassets in Resources */ = {isa = PBXBuildFile; fileRef = 9E50CEBC2733FD5A00D0EF00 /* Assets.xcassets */; };
		9E50CEC02733FD5A00D0EF00 /* LaunchScreen.storyboard in Resources */ = {isa = PBXBuildFile; fileRef = 9E50CEBE2733FD5A00D0EF00 /* LaunchScreen.storyboard */; };
		9E50CEC72733FDCE00D0EF00 /* level1.txt in Resources */ = {isa = PBXBuildFile; fileRef = 9E50CEC62733FDCE00D0EF00 /* level1.txt */; };
/* End PBXBuildFile section */

/* Begin PBXFileReference section */
		9E50CEAC2733FD5700D0EF00 /* HWS Project 26.app */ = {isa = PBXFileReference; explicitFileType = wrapper.application; includeInIndex = 0; path = "HWS Project 26.app"; sourceTree = BUILT_PRODUCTS_DIR; };
		9E50CEAF2733FD5700D0EF00 /* AppDelegate.swift */ = {isa = PBXFileReference; lastKnownFileType = sourcecode.swift; path = AppDelegate.swift; sourceTree = "<group>"; };
		9E50CEB12733FD5700D0EF00 /* GameScene.sks */ = {isa = PBXFileReference; lastKnownFileType = file.sks; path = GameScene.sks; sourceTree = "<group>"; };
		9E50CEB52733FD5700D0EF00 /* GameScene.swift */ = {isa = PBXFileReference; lastKnownFileType = sourcecode.swift; path = GameScene.swift; sourceTree = "<group>"; };
		9E50CEB72733FD5700D0EF00 /* GameViewController.swift */ = {isa = PBXFileReference; lastKnownFileType = sourcecode.swift; path = GameViewController.swift; sourceTree = "<group>"; };
		9E50CEBA2733FD5700D0EF00 /* Base */ = {isa = PBXFileReference; lastKnownFileType = file.storyboard; name = Base; path = Base.lproj/Main.storyboard; sourceTree = "<group>"; };
		9E50CEBC2733FD5A00D0EF00 /* Assets.xcassets */ = {isa = PBXFileReference; lastKnownFileType = folder.assetcatalog; path = Assets.xcassets; sourceTree = "<group>"; };
		9E50CEBF2733FD5A00D0EF00 /* Base */ = {isa = PBXFileReference; lastKnownFileType = file.storyboard; name = Base; path = Base.lproj/LaunchScreen.storyboard; sourceTree = "<group>"; };
		9E50CEC62733FDCE00D0EF00 /* level1.txt */ = {isa = PBXFileReference; fileEncoding = 4; lastKnownFileType = text; path = level1.txt; sourceTree = "<group>"; };
/* End PBXFileReference section */

/* Begin PBXFrameworksBuildPhase section */
		9E50CEA92733FD5700D0EF00 /* Frameworks */ = {
			isa = PBXFrameworksBuildPhase;
			buildActionMask = 2147483647;
			files = (
			);
			runOnlyForDeploymentPostprocessing = 0;
		};
/* End PBXFrameworksBuildPhase section */

/* Begin PBXGroup section */
		9E50CEA32733FD5700D0EF00 = {
			isa = PBXGroup;
			children = (
				9E50CEAE2733FD5700D0EF00 /* HWS Project 26 */,
				9E50CEAD2733FD5700D0EF00 /* Products */,
			);
			sourceTree = "<group>";
		};
		9E50CEAD2733FD5700D0EF00 /* Products */ = {
			isa = PBXGroup;
			children = (
				9E50CEAC2733FD5700D0EF00 /* HWS Project 26.app */,
			);
			name = Products;
			sourceTree = "<group>";
		};
		9E50CEAE2733FD5700D0EF00 /* HWS Project 26 */ = {
			isa = PBXGroup;
			children = (
				9E50CEAF2733FD5700D0EF00 /* AppDelegate.swift */,
				9E50CEB12733FD5700D0EF00 /* GameScene.sks */,
				9E50CEB52733FD5700D0EF00 /* GameScene.swift */,
				9E50CEB72733FD5700D0EF00 /* GameViewController.swift */,
				9E50CEB92733FD5700D0EF00 /* Main.storyboard */,
				9E50CEBC2733FD5A00D0EF00 /* Assets.xcassets */,
				9E50CEBE2733FD5A00D0EF00 /* LaunchScreen.storyboard */,
				9E50CEC62733FDCE00D0EF00 /* level1.txt */,
			);
			path = "HWS Project 26";
			sourceTree = "<group>";
		};
/* End PBXGroup section */

/* Begin PBXNativeTarget section */
		9E50CEAB2733FD5700D0EF00 /* HWS Project 26 */ = {
			isa = PBXNativeTarget;
			buildConfigurationList = 9E50CEC32733FD5A00D0EF00 /* Build configuration list for PBXNativeTarget "HWS Project 26" */;
			buildPhases = (
				9E50CEA82733FD5700D0EF00 /* Sources */,
				9E50CEA92733FD5700D0EF00 /* Frameworks */,
				9E50CEAA2733FD5700D0EF00 /* Resources */,
			);
			buildRules = (
			);
			dependencies = (
			);
			name = "HWS Project 26";
			productName = "HWS Project 26";
			productReference = 9E50CEAC2733FD5700D0EF00 /* HWS Project 26.app */;
			productType = "com.apple.product-type.application";
		};
/* End PBXNativeTarget section */

/* Begin PBXProject section */
		9E50CEA42733FD5700D0EF00 /* Project object */ = {
			isa = PBXProject;
			attributes = {
				BuildIndependentTargetsInParallel = 1;
				LastSwiftUpdateCheck = 1300;
				LastUpgradeCheck = 1300;
				TargetAttributes = {
					9E50CEAB2733FD5700D0EF00 = {
						CreatedOnToolsVersion = 13.0;
					};
				};
			};
			buildConfigurationList = 9E50CEA72733FD5700D0EF00 /* Build configuration list for PBXProject "HWS Project 26" */;
			compatibilityVersion = "Xcode 13.0";
			developmentRegion = en;
			hasScannedForEncodings = 0;
			knownRegions = (
				en,
				Base,
			);
			mainGroup = 9E50CEA32733FD5700D0EF00;
			productRefGroup = 9E50CEAD2733FD5700D0EF00 /* Products */;
			projectDirPath = "";
			projectRoot = "";
			targets = (
				9E50CEAB2733FD5700D0EF00 /* HWS Project 26 */,
			);
		};
/* End PBXProject section */

/* Begin PBXResourcesBuildPhase section */
		9E50CEAA2733FD5700D0EF00 /* Resources */ = {
			isa = PBXResourcesBuildPhase;
			buildActionMask = 2147483647;
			files = (
				9E50CEC72733FDCE00D0EF00 /* level1.txt in Resources */,
				9E50CEBB2733FD5700D0EF00 /* Main.storyboard in Resources */,
				9E50CEB22733FD5700D0EF00 /* GameScene.sks in Resources */,
				9E50CEBD2733FD5A00D0EF00 /* Assets.xcassets in Resources */,
				9E50CEC02733FD5A00D0EF00 /* LaunchScreen.storyboard in Resources */,
			);
			runOnlyForDeploymentPostprocessing = 0;
		};
/* End PBXResourcesBuildPhase section */

/* Begin PBXSourcesBuildPhase section */
		9E50CEA82733FD5700D0EF00 /* Sources */ = {
			isa = PBXSourcesBuildPhase;
			buildActionMask = 2147483647;
			files = (
				9E50CEB62733FD5700D0EF00 /* GameScene.swift in Sources */,
				9E50CEB82733FD5700D0EF00 /* GameViewController.swift in Sources */,
				9E50CEB02733FD5700D0EF00 /* AppDelegate.swift in Sources */,
			);
			runOnlyForDeploymentPostprocessing = 0;
		};
/* End PBXSourcesBuildPhase section */

/* Begin PBXVariantGroup section */
		9E50CEB92733FD5700D0EF00 /* Main.storyboard */ = {
			isa = PBXVariantGroup;
			children = (
				9E50CEBA2733FD5700D0EF00 /* Base */,
			);
			name = Main.storyboard;
			sourceTree = "<group>";
		};
		9E50CEBE2733FD5A00D0EF00 /* LaunchScreen.storyboard */ = {
			isa = PBXVariantGroup;
			children = (
				9E50CEBF2733FD5A00D0EF00 /* Base */,
			);
			name = LaunchScreen.storyboard;
			sourceTree = "<group>";
		};
/* End PBXVariantGroup section */

/* Begin XCBuildConfiguration section */
		9E50CEC12733FD5A00D0EF00 /* Debug */ = {
			isa = XCBuildConfiguration;
			buildSettings = {
				ALWAYS_SEARCH_USER_PATHS = NO;
				CLANG_ANALYZER_NONNULL = YES;
				CLANG_ANALYZER_NUMBER_OBJECT_CONVERSION = YES_AGGRESSIVE;
				CLANG_CXX_LANGUAGE_STANDARD = "gnu++17";
				CLANG_CXX_LIBRARY = "libc++";
				CLANG_ENABLE_MODULES = YES;
				CLANG_ENABLE_OBJC_ARC = YES;
				CLANG_ENABLE_OBJC_WEAK = YES;
				CLANG_WARN_BLOCK_CAPTURE_AUTORELEASING = YES;
				CLANG_WARN_BOOL_CONVERSION = YES;
				CLANG_WARN_COMMA = YES;
				CLANG_WARN_CONSTANT_CONVERSION = YES;
				CLANG_WARN_DEPRECATED_OBJC_IMPLEMENTATIONS = YES;
				CLANG_WARN_DIRECT_OBJC_ISA_USAGE = YES_ERROR;
				CLANG_WARN_DOCUMENTATION_COMMENTS = YES;
				CLANG_WARN_EMPTY_BODY = YES;
				CLANG_WARN_ENUM_CONVERSION = YES;
				CLANG_WARN_INFINITE_RECURSION = YES;
				CLANG_WARN_INT_CONVERSION = YES;
				CLANG_WARN_NON_LITERAL_NULL_CONVERSION = YES;
				CLANG_WARN_OBJC_IMPLICIT_RETAIN_SELF = YES;
				CLANG_WARN_OBJC_LITERAL_CONVERSION = YES;
				CLANG_WARN_OBJC_ROOT_CLASS = YES_ERROR;
				CLANG_WARN_QUOTED_INCLUDE_IN_FRAMEWORK_HEADER = YES;
				CLANG_WARN_RANGE_LOOP_ANALYSIS = YES;
				CLANG_WARN_STRICT_PROTOTYPES = YES;
				CLANG_WARN_SUSPICIOUS_MOVE = YES;
				CLANG_WARN_UNGUARDED_AVAILABILITY = YES_AGGRESSIVE;
				CLANG_WARN_UNREACHABLE_CODE = YES;
				CLANG_WARN__DUPLICATE_METHOD_MATCH = YES;
				COPY_PHASE_STRIP = NO;
				DEBUG_INFORMATION_FORMAT = dwarf;
				ENABLE_STRICT_OBJC_MSGSEND = YES;
				ENABLE_TESTABILITY = YES;
				GCC_C_LANGUAGE_STANDARD = gnu11;
				GCC_DYNAMIC_NO_PIC = NO;
				GCC_NO_COMMON_BLOCKS = YES;
				GCC_OPTIMIZATION_LEVEL = 0;
				GCC_PREPROCESSOR_DEFINITIONS = (
					"DEBUG=1",
					"$(inherited)",
				);
				GCC_WARN_64_TO_32_BIT_CONVERSION = YES;
				GCC_WARN_ABOUT_RETURN_TYPE = YES_ERROR;
				GCC_WARN_UNDECLARED_SELECTOR = YES;
				GCC_WARN_UNINITIALIZED_AUTOS = YES_AGGRESSIVE;
				GCC_WARN_UNUSED_FUNCTION = YES;
				GCC_WARN_UNUSED_VARIABLE = YES;
				IPHONEOS_DEPLOYMENT_TARGET = 15.0;
				MTL_ENABLE_DEBUG_INFO = INCLUDE_SOURCE;
				MTL_FAST_MATH = YES;
				ONLY_ACTIVE_ARCH = YES;
				SDKROOT = iphoneos;
				SWIFT_ACTIVE_COMPILATION_CONDITIONS = DEBUG;
				SWIFT_OPTIMIZATION_LEVEL = "-Onone";
			};
			name = Debug;
		};
		9E50CEC22733FD5A00D0EF00 /* Release */ = {
			isa = XCBuildConfiguration;
			buildSettings = {
				ALWAYS_SEARCH_USER_PATHS = NO;
				CLANG_ANALYZER_NONNULL = YES;
				CLANG_ANALYZER_NUMBER_OBJECT_CONVERSION = YES_AGGRESSIVE;
				CLANG_CXX_LANGUAGE_STANDARD = "gnu++17";
				CLANG_CXX_LIBRARY = "libc++";
				CLANG_ENABLE_MODULES = YES;
				CLANG_ENABLE_OBJC_ARC = YES;
				CLANG_ENABLE_OBJC_WEAK = YES;
				CLANG_WARN_BLOCK_CAPTURE_AUTORELEASING = YES;
				CLANG_WARN_BOOL_CONVERSION = YES;
				CLANG_WARN_COMMA = YES;
				CLANG_WARN_CONSTANT_CONVERSION = YES;
				CLANG_WARN_DEPRECATED_OBJC_IMPLEMENTATIONS = YES;
				CLANG_WARN_DIRECT_OBJC_ISA_USAGE = YES_ERROR;
				CLANG_WARN_DOCUMENTATION_COMMENTS = YES;
				CLANG_WARN_EMPTY_BODY = YES;
				CLANG_WARN_ENUM_CONVERSION = YES;
				CLANG_WARN_INFINITE_RECURSION = YES;
				CLANG_WARN_INT_CONVERSION = YES;
				CLANG_WARN_NON_LITERAL_NULL_CONVERSION = YES;
				CLANG_WARN_OBJC_IMPLICIT_RETAIN_SELF = YES;
				CLANG_WARN_OBJC_LITERAL_CONVERSION = YES;
				CLANG_WARN_OBJC_ROOT_CLASS = YES_ERROR;
				CLANG_WARN_QUOTED_INCLUDE_IN_FRAMEWORK_HEADER = YES;
				CLANG_WARN_RANGE_LOOP_ANALYSIS = YES;
				CLANG_WARN_STRICT_PROTOTYPES = YES;
				CLANG_WARN_SUSPICIOUS_MOVE = YES;
				CLANG_WARN_UNGUARDED_AVAILABILITY = YES_AGGRESSIVE;
				CLANG_WARN_UNREACHABLE_CODE = YES;
				CLANG_WARN__DUPLICATE_METHOD_MATCH = YES;
				COPY_PHASE_STRIP = NO;
				DEBUG_INFORMATION_FORMAT = "dwarf-with-dsym";
				ENABLE_NS_ASSERTIONS = NO;
				ENABLE_STRICT_OBJC_MSGSEND = YES;
				GCC_C_LANGUAGE_STANDARD = gnu11;
				GCC_NO_COMMON_BLOCKS = YES;
				GCC_WARN_64_TO_32_BIT_CONVERSION = YES;
				GCC_WARN_ABOUT_RETURN_TYPE = YES_ERROR;
				GCC_WARN_UNDECLARED_SELECTOR = YES;
				GCC_WARN_UNINITIALIZED_AUTOS = YES_AGGRESSIVE;
				GCC_WARN_UNUSED_FUNCTION = YES;
				GCC_WARN_UNUSED_VARIABLE = YES;
				IPHONEOS_DEPLOYMENT_TARGET = 15.0;
				MTL_ENABLE_DEBUG_INFO = NO;
				MTL_FAST_MATH = YES;
				SDKROOT = iphoneos;
				SWIFT_COMPILATION_MODE = wholemodule;
				SWIFT_OPTIMIZATION_LEVEL = "-O";
				VALIDATE_PRODUCT = YES;
			};
			name = Release;
		};
		9E50CEC42733FD5A00D0EF00 /* Debug */ = {
			isa = XCBuildConfiguration;
			buildSettings = {
				ASSETCATALOG_COMPILER_APPICON_NAME = AppIcon;
				ASSETCATALOG_COMPILER_GLOBAL_ACCENT_COLOR_NAME = AccentColor;
				CODE_SIGN_STYLE = Automatic;
				CURRENT_PROJECT_VERSION = 1;
				DEVELOPMENT_TEAM = WW6MQ8PF85;
				GENERATE_INFOPLIST_FILE = YES;
				INFOPLIST_KEY_UIApplicationSupportsIndirectInputEvents = YES;
				INFOPLIST_KEY_UILaunchStoryboardName = LaunchScreen;
				INFOPLIST_KEY_UIMainStoryboardFile = Main;
				INFOPLIST_KEY_UIStatusBarHidden = YES;
				INFOPLIST_KEY_UISupportedInterfaceOrientations_iPad = UIInterfaceOrientationLandscapeRight;
				INFOPLIST_KEY_UISupportedInterfaceOrientations_iPhone = "UIInterfaceOrientationPortrait UIInterfaceOrientationLandscapeLeft UIInterfaceOrientationLandscapeRight";
				LD_RUNPATH_SEARCH_PATHS = (
					"$(inherited)",
					"@executable_path/Frameworks",
				);
				MARKETING_VERSION = 1.0;
				PRODUCT_BUNDLE_IDENTIFIER = "chrisk.HWS-Project-26";
				PRODUCT_NAME = "$(TARGET_NAME)";
				SWIFT_EMIT_LOC_STRINGS = YES;
				SWIFT_VERSION = 5.0;
				TARGETED_DEVICE_FAMILY = 2;
			};
			name = Debug;
		};
		9E50CEC52733FD5A00D0EF00 /* Release */ = {
			isa = XCBuildConfiguration;
			buildSettings = {
				ASSETCATALOG_COMPILER_APPICON_NAME = AppIcon;
				ASSETCATALOG_COMPILER_GLOBAL_ACCENT_COLOR_NAME = AccentColor;
				CODE_SIGN_STYLE = Automatic;
				CURRENT_PROJECT_VERSION = 1;
				DEVELOPMENT_TEAM = WW6MQ8PF85;
				GENERATE_INFOPLIST_FILE = YES;
				INFOPLIST_KEY_UIApplicationSupportsIndirectInputEvents = YES;
				INFOPLIST_KEY_UILaunchStoryboardName = LaunchScreen;
				INFOPLIST_KEY_UIMainStoryboardFile = Main;
				INFOPLIST_KEY_UIStatusBarHidden = YES;
				INFOPLIST_KEY_UISupportedInterfaceOrientations_iPad = UIInterfaceOrientationLandscapeRight;
				INFOPLIST_KEY_UISupportedInterfaceOrientations_iPhone = "UIInterfaceOrientationPortrait UIInterfaceOrientationLandscapeLeft UIInterfaceOrientationLandscapeRight";
				LD_RUNPATH_SEARCH_PATHS = (
					"$(inherited)",
					"@executable_path/Frameworks",
				);
				MARKETING_VERSION = 1.0;
				PRODUCT_BUNDLE_IDENTIFIER = "chrisk.HWS-Project-26";
				PRODUCT_NAME = "$(TARGET_NAME)";
				SWIFT_EMIT_LOC_STRINGS = YES;
				SWIFT_VERSION = 5.0;
				TARGETED_DEVICE_FAMILY = 2;
			};
			name = Release;
		};
/* End XCBuildConfiguration section */

/* Begin XCConfigurationList section */
		9E50CEA72733FD5700D0EF00 /* Build configuration list for PBXProject "HWS Project 26" */ = {
			isa = XCConfigurationList;
			buildConfigurations = (
				9E50CEC12733FD5A00D0EF00 /* Debug */,
				9E50CEC22733FD5A00D0EF00 /* Release */,
			);
			defaultConfigurationIsVisible = 0;
			defaultConfigurationName = Release;
		};
		9E50CEC32733FD5A00D0EF00 /* Build configuration list for PBXNativeTarget "HWS Project 26" */ = {
			isa = XCConfigurationList;
			buildConfigurations = (
				9E50CEC42733FD5A00D0EF00 /* Debug */,
				9E50CEC52733FD5A00D0EF00 /* Release */,
			);
			defaultConfigurationIsVisible = 0;
			defaultConfigurationName = Release;
		};
/* End XCConfigurationList section */
	};
	rootObject = 9E50CEA42733FD5700D0EF00 /* Project object */;
}
